
Microsoft Visual Studio Solution File, Format Version 12.00
# Visual Studio 15
VisualStudioVersion = 15.0.27428.2043
MinimumVisualStudioVersion = 10.0.40219.1
Project("{FAE04EC0-301F-11D3-BF4B-00C04F79EFBC}") = "MVCDemoCRUD", "MVCDemoCRUD\MVCDemoCRUD.csproj", "{D0B7D155-0DEB-41DC-9646-A073D051DA88}"
EndProject
Global
	GlobalSection(SolutionConfigurationPlatforms) = preSolution
		Debug|Any CPU = Debug|Any CPU
		Release|Any CPU = Release|Any CPU
	EndGlobalSection
	GlobalSection(ProjectConfigurationPlatforms) = postSolution
		{D0B7D155-0DEB-41DC-9646-A073D051DA88}.Debug|Any CPU.ActiveCfg = Debug|Any CPU
		{D0B7D155-0DEB-41DC-9646-A073D051DA88}.Debug|Any CPU.Build.0 = Debug|Any CPU
		{D0B7D155-0DEB-41DC-9646-A073D051DA88}.Release|Any CPU.ActiveCfg = Release|Any CPU
		{D0B7D155-0DEB-41DC-9646-A073D051DA88}.Release|Any CPU.Build.0 = Release|Any CPU
	EndGlobalSection
	GlobalSection(SolutionProperties) = preSolution
		HideSolutionNode = FALSE
	EndGlobalSection
	GlobalSection(ExtensibilityGlobals) = postSolution
		SolutionGuid = {CDF3D508-53A3-498E-80C6-71A9FC27ACE3}
	EndGlobalSection
EndGlobal
